// !$*UTF8*$!
{
	archiveVersion = 1;
	classes = {
	};
	objectVersion = 46;
	objects = {

/* Begin PBXBuildFile section */
		4A78F12F1CE6B0F8006B19C5 /* AppDelegate.swift in Sources */ = {isa = PBXBuildFile; fileRef = 4A78F12E1CE6B0F8006B19C5 /* AppDelegate.swift */; };
		4A78F1311CE6B0F8006B19C5 /* ViewController.swift in Sources */ = {isa = PBXBuildFile; fileRef = 4A78F1301CE6B0F8006B19C5 /* ViewController.swift */; };
		4A78F1341CE6B0F8006B19C5 /* Main.storyboard in Resources */ = {isa = PBXBuildFile; fileRef = 4A78F1321CE6B0F8006B19C5 /* Main.storyboard */; };
		4A78F1361CE6B0F8006B19C5 /* Assets.xcassets in Resources */ = {isa = PBXBuildFile; fileRef = 4A78F1351CE6B0F8006B19C5 /* Assets.xcassets */; };
		4A78F1391CE6B0F8006B19C5 /* LaunchScreen.storyboard in Resources */ = {isa = PBXBuildFile; fileRef = 4A78F1371CE6B0F8006B19C5 /* LaunchScreen.storyboard */; };
		4A78F1441CE6B0F8006B19C5 /* heloheloTests.swift in Sources */ = {isa = PBXBuildFile; fileRef = 4A78F1431CE6B0F8006B19C5 /* heloheloTests.swift */; };
		4A78F14F1CE6B0F8006B19C5 /* heloheloUITests.swift in Sources */ = {isa = PBXBuildFile; fileRef = 4A78F14E1CE6B0F8006B19C5 /* heloheloUITests.swift */; };
/* End PBXBuildFile section */

/* Begin PBXContainerItemProxy section */
		4A78F1401CE6B0F8006B19C5 /* PBXContainerItemProxy */ = {
			isa = PBXContainerItemProxy;
			containerPortal = 4A78F1231CE6B0F8006B19C5 /* Project object */;
			proxyType = 1;
			remoteGlobalIDString = 4A78F12A1CE6B0F8006B19C5;
			remoteInfo = helohelo;
		};
		4A78F14B1CE6B0F8006B19C5 /* PBXContainerItemProxy */ = {
			isa = PBXContainerItemProxy;
			containerPortal = 4A78F1231CE6B0F8006B19C5 /* Project object */;
			proxyType = 1;
			remoteGlobalIDString = 4A78F12A1CE6B0F8006B19C5;
			remoteInfo = helohelo;
		};
/* End PBXContainerItemProxy section */

/* Begin PBXFileReference section */
		4A78F12B1CE6B0F8006B19C5 /* helohelo.app */ = {isa = PBXFileReference; explicitFileType = wrapper.application; includeInIndex = 0; path = helohelo.app; sourceTree = BUILT_PRODUCTS_DIR; };
		4A78F12E1CE6B0F8006B19C5 /* AppDelegate.swift */ = {isa = PBXFileReference; lastKnownFileType = sourcecode.swift; path = AppDelegate.swift; sourceTree = "<group>"; };
		4A78F1301CE6B0F8006B19C5 /* ViewController.swift */ = {isa = PBXFileReference; lastKnownFileType = sourcecode.swift; path = ViewController.swift; sourceTree = "<group>"; };
		4A78F1331CE6B0F8006B19C5 /* Base */ = {isa = PBXFileReference; lastKnownFileType = file.storyboard; name = Base; path = Base.lproj/Main.storyboard; sourceTree = "<group>"; };
		4A78F1351CE6B0F8006B19C5 /* Assets.xcassets */ = {isa = PBXFileReference; lastKnownFileType = folder.assetcatalog; path = Assets.xcassets; sourceTree = "<group>"; };
		4A78F1381CE6B0F8006B19C5 /* Base */ = {isa = PBXFileReference; lastKnownFileType = file.storyboard; name = Base; path = Base.lproj/LaunchScreen.storyboard; sourceTree = "<group>"; };
		4A78F13A1CE6B0F8006B19C5 /* Info.plist */ = {isa = PBXFileReference; lastKnownFileType = text.plist.xml; path = Info.plist; sourceTree = "<group>"; };
		4A78F13F1CE6B0F8006B19C5 /* heloheloTests.xctest */ = {isa = PBXFileReference; explicitFileType = wrapper.cfbundle; includeInIndex = 0; path = heloheloTests.xctest; sourceTree = BUILT_PRODUCTS_DIR; };
		4A78F1431CE6B0F8006B19C5 /* heloheloTests.swift */ = {isa = PBXFileReference; lastKnownFileType = sourcecode.swift; path = heloheloTests.swift; sourceTree = "<group>"; };
		4A78F1451CE6B0F8006B19C5 /* Info.plist */ = {isa = PBXFileReference; lastKnownFileType = text.plist.xml; path = Info.plist; sourceTree = "<group>"; };
		4A78F14A1CE6B0F8006B19C5 /* heloheloUITests.xctest */ = {isa = PBXFileReference; explicitFileType = wrapper.cfbundle; includeInIndex = 0; path = heloheloUITests.xctest; sourceTree = BUILT_PRODUCTS_DIR; };
		4A78F14E1CE6B0F8006B19C5 /* heloheloUITests.swift */ = {isa = PBXFileReference; lastKnownFileType = sourcecode.swift; path = heloheloUITests.swift; sourceTree = "<group>"; };
		4A78F1501CE6B0F8006B19C5 /* Info.plist */ = {isa = PBXFileReference; lastKnownFileType = text.plist.xml; path = Info.plist; sourceTree = "<group>"; };
/* End PBXFileReference section */

/* Begin PBXFrameworksBuildPhase section */
		4A78F1281CE6B0F8006B19C5 /* Frameworks */ = {
			isa = PBXFrameworksBuildPhase;
			buildActionMask = 2147483647;
			files = (
			);
			runOnlyForDeploymentPostprocessing = 0;
		};
		4A78F13C1CE6B0F8006B19C5 /* Frameworks */ = {
			isa = PBXFrameworksBuildPhase;
			buildActionMask = 2147483647;
			files = (
			);
			runOnlyForDeploymentPostprocessing = 0;
		};
		4A78F1471CE6B0F8006B19C5 /* Frameworks */ = {
			isa = PBXFrameworksBuildPhase;
			buildActionMask = 2147483647;
			files = (
			);
			runOnlyForDeploymentPostprocessing = 0;
		};
/* End PBXFrameworksBuildPhase section */

/* Begin PBXGroup section */
		4A78F1221CE6B0F8006B19C5 = {
			isa = PBXGroup;
			children = (
				4A78F12D1CE6B0F8006B19C5 /* helohelo */,
				4A78F1421CE6B0F8006B19C5 /* heloheloTests */,
				4A78F14D1CE6B0F8006B19C5 /* heloheloUITests */,
				4A78F12C1CE6B0F8006B19C5 /* Products */,
			);
			sourceTree = "<group>";
		};
		4A78F12C1CE6B0F8006B19C5 /* Products */ = {
			isa = PBXGroup;
			children = (
				4A78F12B1CE6B0F8006B19C5 /* helohelo.app */,
				4A78F13F1CE6B0F8006B19C5 /* heloheloTests.xctest */,
				4A78F14A1CE6B0F8006B19C5 /* heloheloUITests.xctest */,
			);
			name = Products;
			sourceTree = "<group>";
		};
		4A78F12D1CE6B0F8006B19C5 /* helohelo */ = {
			isa = PBXGroup;
			children = (
				4A78F12E1CE6B0F8006B19C5 /* AppDelegate.swift */,
				4A78F1301CE6B0F8006B19C5 /* ViewController.swift */,
				4A78F1321CE6B0F8006B19C5 /* Main.storyboard */,
				4A78F1351CE6B0F8006B19C5 /* Assets.xcassets */,
				4A78F1371CE6B0F8006B19C5 /* LaunchScreen.storyboard */,
				4A78F13A1CE6B0F8006B19C5 /* Info.plist */,
			);
			path = helohelo;
			sourceTree = "<group>";
		};
		4A78F1421CE6B0F8006B19C5 /* heloheloTests */ = {
			isa = PBXGroup;
			children = (
				4A78F1431CE6B0F8006B19C5 /* heloheloTests.swift */,
				4A78F1451CE6B0F8006B19C5 /* Info.plist */,
			);
			path = heloheloTests;
			sourceTree = "<group>";
		};
		4A78F14D1CE6B0F8006B19C5 /* heloheloUITests */ = {
			isa = PBXGroup;
			children = (
				4A78F14E1CE6B0F8006B19C5 /* heloheloUITests.swift */,
				4A78F1501CE6B0F8006B19C5 /* Info.plist */,
			);
			path = heloheloUITests;
			sourceTree = "<group>";
		};
/* End PBXGroup section */

/* Begin PBXNativeTarget section */
		4A78F12A1CE6B0F8006B19C5 /* helohelo */ = {
			isa = PBXNativeTarget;
			buildConfigurationList = 4A78F1531CE6B0F8006B19C5 /* Build configuration list for PBXNativeTarget "helohelo" */;
			buildPhases = (
				4A78F1271CE6B0F8006B19C5 /* Sources */,
				4A78F1281CE6B0F8006B19C5 /* Frameworks */,
				4A78F1291CE6B0F8006B19C5 /* Resources */,
			);
			buildRules = (
			);
			dependencies = (
			);
			name = helohelo;
			productName = helohelo;
			productReference = 4A78F12B1CE6B0F8006B19C5 /* helohelo.app */;
			productType = "com.apple.product-type.application";
		};
		4A78F13E1CE6B0F8006B19C5 /* heloheloTests */ = {
			isa = PBXNativeTarget;
			buildConfigurationList = 4A78F1561CE6B0F8006B19C5 /* Build configuration list for PBXNativeTarget "heloheloTests" */;
			buildPhases = (
				4A78F13B1CE6B0F8006B19C5 /* Sources */,
				4A78F13C1CE6B0F8006B19C5 /* Frameworks */,
				4A78F13D1CE6B0F8006B19C5 /* Resources */,
			);
			buildRules = (
			);
			dependencies = (
				4A78F1411CE6B0F8006B19C5 /* PBXTargetDependency */,
			);
			name = heloheloTests;
			productName = heloheloTests;
			productReference = 4A78F13F1CE6B0F8006B19C5 /* heloheloTests.xctest */;
			productType = "com.apple.product-type.bundle.unit-test";
		};
		4A78F1491CE6B0F8006B19C5 /* heloheloUITests */ = {
			isa = PBXNativeTarget;
			buildConfigurationList = 4A78F1591CE6B0F8006B19C5 /* Build configuration list for PBXNativeTarget "heloheloUITests" */;
			buildPhases = (
				4A78F1461CE6B0F8006B19C5 /* Sources */,
				4A78F1471CE6B0F8006B19C5 /* Frameworks */,
				4A78F1481CE6B0F8006B19C5 /* Resources */,
			);
			buildRules = (
			);
			dependencies = (
				4A78F14C1CE6B0F8006B19C5 /* PBXTargetDependency */,
			);
			name = heloheloUITests;
			productName = heloheloUITests;
			productReference = 4A78F14A1CE6B0F8006B19C5 /* heloheloUITests.xctest */;
			productType = "com.apple.product-type.bundle.ui-testing";
		};
/* End PBXNativeTarget section */

/* Begin PBXProject section */
		4A78F1231CE6B0F8006B19C5 /* Project object */ = {
			isa = PBXProject;
			attributes = {
				LastSwiftUpdateCheck = 0730;
				LastUpgradeCheck = 0730;
				ORGANIZATIONNAME = Seraphim;
				TargetAttributes = {
					4A78F12A1CE6B0F8006B19C5 = {
						CreatedOnToolsVersion = 7.3;
					};
					4A78F13E1CE6B0F8006B19C5 = {
						CreatedOnToolsVersion = 7.3;
						TestTargetID = 4A78F12A1CE6B0F8006B19C5;
					};
					4A78F1491CE6B0F8006B19C5 = {
						CreatedOnToolsVersion = 7.3;
						TestTargetID = 4A78F12A1CE6B0F8006B19C5;
					};
				};
			};
			buildConfigurationList = 4A78F1261CE6B0F8006B19C5 /* Build configuration list for PBXProject "helohelo" */;
			compatibilityVersion = "Xcode 3.2";
			developmentRegion = English;
			hasScannedForEncodings = 0;
			knownRegions = (
				en,
				Base,
			);
			mainGroup = 4A78F1221CE6B0F8006B19C5;
			productRefGroup = 4A78F12C1CE6B0F8006B19C5 /* Products */;
			projectDirPath = "";
			projectRoot = "";
			targets = (
				4A78F12A1CE6B0F8006B19C5 /* helohelo */,
				4A78F13E1CE6B0F8006B19C5 /* heloheloTests */,
				4A78F1491CE6B0F8006B19C5 /* heloheloUITests */,
			);
		};
/* End PBXProject section */

/* Begin PBXResourcesBuildPhase section */
		4A78F1291CE6B0F8006B19C5 /* Resources */ = {
			isa = PBXResourcesBuildPhase;
			buildActionMask = 2147483647;
			files = (
				4A78F1391CE6B0F8006B19C5 /* LaunchScreen.storyboard in Resources */,
				4A78F1361CE6B0F8006B19C5 /* Assets.xcassets in Resources */,
				4A78F1341CE6B0F8006B19C5 /* Main.storyboard in Resources */,
			);
			runOnlyForDeploymentPostprocessing = 0;
		};
		4A78F13D1CE6B0F8006B19C5 /* Resources */ = {
			isa = PBXResourcesBuildPhase;
			buildActionMask = 2147483647;
			files = (
			);
			runOnlyForDeploymentPostprocessing = 0;
		};
		4A78F1481CE6B0F8006B19C5 /* Resources */ = {
			isa = PBXResourcesBuildPhase;
			buildActionMask = 2147483647;
			files = (
			);
			runOnlyForDeploymentPostprocessing = 0;
		};
/* End PBXResourcesBuildPhase section */

/* Begin PBXSourcesBuildPhase section */
		4A78F1271CE6B0F8006B19C5 /* Sources */ = {
			isa = PBXSourcesBuildPhase;
			buildActionMask = 2147483647;
			files = (
				4A78F1311CE6B0F8006B19C5 /* ViewController.swift in Sources */,
				4A78F12F1CE6B0F8006B19C5 /* AppDelegate.swift in Sources */,
			);
			runOnlyForDeploymentPostprocessing = 0;
		};
		4A78F13B1CE6B0F8006B19C5 /* Sources */ = {
			isa = PBXSourcesBuildPhase;
			buildActionMask = 2147483647;
			files = (
				4A78F1441CE6B0F8006B19C5 /* heloheloTests.swift in Sources */,
			);
			runOnlyForDeploymentPostprocessing = 0;
		};
		4A78F1461CE6B0F8006B19C5 /* Sources */ = {
			isa = PBXSourcesBuildPhase;
			buildActionMask = 2147483647;
			files = (
				4A78F14F1CE6B0F8006B19C5 /* heloheloUITests.swift in Sources */,
			);
			runOnlyForDeploymentPostprocessing = 0;
		};
/* End PBXSourcesBuildPhase section */

/* Begin PBXTargetDependency section */
		4A78F1411CE6B0F8006B19C5 /* PBXTargetDependency */ = {
			isa = PBXTargetDependency;
			target = 4A78F12A1CE6B0F8006B19C5 /* helohelo */;
			targetProxy = 4A78F1401CE6B0F8006B19C5 /* PBXContainerItemProxy */;
		};
		4A78F14C1CE6B0F8006B19C5 /* PBXTargetDependency */ = {
			isa = PBXTargetDependency;
			target = 4A78F12A1CE6B0F8006B19C5 /* helohelo */;
			targetProxy = 4A78F14B1CE6B0F8006B19C5 /* PBXContainerItemProxy */;
		};
/* End PBXTargetDependency section */

/* Begin PBXVariantGroup section */
		4A78F1321CE6B0F8006B19C5 /* Main.storyboard */ = {
			isa = PBXVariantGroup;
			children = (
				4A78F1331CE6B0F8006B19C5 /* Base */,
			);
			name = Main.storyboard;
			sourceTree = "<group>";
		};
		4A78F1371CE6B0F8006B19C5 /* LaunchScreen.storyboard */ = {
			isa = PBXVariantGroup;
			children = (
				4A78F1381CE6B0F8006B19C5 /* Base */,
			);
			name = LaunchScreen.storyboard;
			sourceTree = "<group>";
		};
/* End PBXVariantGroup section */

/* Begin XCBuildConfiguration section */
		4A78F1511CE6B0F8006B19C5 /* Debug */ = {
			isa = XCBuildConfiguration;
			buildSettings = {
				ALWAYS_SEARCH_USER_PATHS = NO;
				CLANG_ANALYZER_NONNULL = YES;
				CLANG_CXX_LANGUAGE_STANDARD = "gnu++0x";
				CLANG_CXX_LIBRARY = "libc++";
				CLANG_ENABLE_MODULES = YES;
				CLANG_ENABLE_OBJC_ARC = YES;
				CLANG_WARN_BOOL_CONVERSION = YES;
				CLANG_WARN_CONSTANT_CONVERSION = YES;
				CLANG_WARN_DIRECT_OBJC_ISA_USAGE = YES_ERROR;
				CLANG_WARN_EMPTY_BODY = YES;
				CLANG_WARN_ENUM_CONVERSION = YES;
				CLANG_WARN_INT_CONVERSION = YES;
				CLANG_WARN_OBJC_ROOT_CLASS = YES_ERROR;
				CLANG_WARN_UNREACHABLE_CODE = YES;
				CLANG_WARN__DUPLICATE_METHOD_MATCH = YES;
				"CODE_SIGN_IDENTITY[sdk=iphoneos*]" = "iPhone Developer";
				COPY_PHASE_STRIP = NO;
				DEBUG_INFORMATION_FORMAT = dwarf;
				ENABLE_STRICT_OBJC_MSGSEND = YES;
				ENABLE_TESTABILITY = YES;
				GCC_C_LANGUAGE_STANDARD = gnu99;
				GCC_DYNAMIC_NO_PIC = NO;
				GCC_NO_COMMON_BLOCKS = YES;
				GCC_OPTIMIZATION_LEVEL = 0;
				GCC_PREPROCESSOR_DEFINITIONS = (
					"DEBUG=1",
					"$(inherited)",
				);
				GCC_WARN_64_TO_32_BIT_CONVERSION = YES;
				GCC_WARN_ABOUT_RETURN_TYPE = YES_ERROR;
				GCC_WARN_UNDECLARED_SELECTOR = YES;
				GCC_WARN_UNINITIALIZED_AUTOS = YES_AGGRESSIVE;
				GCC_WARN_UNUSED_FUNCTION = YES;
				GCC_WARN_UNUSED_VARIABLE = YES;
				IPHONEOS_DEPLOYMENT_TARGET = 9.3;
				MTL_ENABLE_DEBUG_INFO = YES;
				ONLY_ACTIVE_ARCH = YES;
				SDKROOT = iphoneos;
				SWIFT_OPTIMIZATION_LEVEL = "-Onone";
				TARGETED_DEVICE_FAMILY = "1,2";
			};
			name = Debug;
		};
		4A78F1521CE6B0F8006B19C5 /* Release */ = {
			isa = XCBuildConfiguration;
			buildSettings = {
				ALWAYS_SEARCH_USER_PATHS = NO;
				CLANG_ANALYZER_NONNULL = YES;
				CLANG_CXX_LANGUAGE_STANDARD = "gnu++0x";
				CLANG_CXX_LIBRARY = "libc++";
				CLANG_ENABLE_MODULES = YES;
				CLANG_ENABLE_OBJC_ARC = YES;
				CLANG_WARN_BOOL_CONVERSION = YES;
				CLANG_WARN_CONSTANT_CONVERSION = YES;
				CLANG_WARN_DIRECT_OBJC_ISA_USAGE = YES_ERROR;
				CLANG_WARN_EMPTY_BODY = YES;
				CLANG_WARN_ENUM_CONVERSION = YES;
				CLANG_WARN_INT_CONVERSION = YES;
				CLANG_WARN_OBJC_ROOT_CLASS = YES_ERROR;
				CLANG_WARN_UNREACHABLE_CODE = YES;
				CLANG_WARN__DUPLICATE_METHOD_MATCH = YES;
				"CODE_SIGN_IDENTITY[sdk=iphoneos*]" = "iPhone Developer";
				COPY_PHASE_STRIP = NO;
				DEBUG_INFORMATION_FORMAT = "dwarf-with-dsym";
				ENABLE_NS_ASSERTIONS = NO;
				ENABLE_STRICT_OBJC_MSGSEND = YES;
				GCC_C_LANGUAGE_STANDARD = gnu99;
				GCC_NO_COMMON_BLOCKS = YES;
				GCC_WARN_64_TO_32_BIT_CONVERSION = YES;
				GCC_WARN_ABOUT_RETURN_TYPE = YES_ERROR;
				GCC_WARN_UNDECLARED_SELECTOR = YES;
				GCC_WARN_UNINITIALIZED_AUTOS = YES_AGGRESSIVE;
				GCC_WARN_UNUSED_FUNCTION = YES;
				GCC_WARN_UNUSED_VARIABLE = YES;
				IPHONEOS_DEPLOYMENT_TARGET = 9.3;
				MTL_ENABLE_DEBUG_INFO = NO;
				SDKROOT = iphoneos;
				TARGETED_DEVICE_FAMILY = "1,2";
				VALIDATE_PRODUCT = YES;
			};
			name = Release;
		};
		4A78F1541CE6B0F8006B19C5 /* Debug */ = {
			isa = XCBuildConfiguration;
			buildSettings = {
				ASSETCATALOG_COMPILER_APPICON_NAME = AppIcon;
				INFOPLIST_FILE = helohelo/Info.plist;
				LD_RUNPATH_SEARCH_PATHS = "$(inherited) @executable_path/Frameworks";
				PRODUCT_BUNDLE_IDENTIFIER = test.helohelo;
				PRODUCT_NAME = "$(TARGET_NAME)";
			};
			name = Debug;
		};
		4A78F1551CE6B0F8006B19C5 /* Release */ = {
			isa = XCBuildConfiguration;
			buildSettings = {
				ASSETCATALOG_COMPILER_APPICON_NAME = AppIcon;
				INFOPLIST_FILE = helohelo/Info.plist;
				LD_RUNPATH_SEARCH_PATHS = "$(inherited) @executable_path/Frameworks";
				PRODUCT_BUNDLE_IDENTIFIER = test.helohelo;
				PRODUCT_NAME = "$(TARGET_NAME)";
			};
			name = Release;
		};
		4A78F1571CE6B0F8006B19C5 /* Debug */ = {
			isa = XCBuildConfiguration;
			buildSettings = {
				BUNDLE_LOADER = "$(TEST_HOST)";
				INFOPLIST_FILE = heloheloTests/Info.plist;
				LD_RUNPATH_SEARCH_PATHS = "$(inherited) @executable_path/Frameworks @loader_path/Frameworks";
				PRODUCT_BUNDLE_IDENTIFIER = test.heloheloTests;
				PRODUCT_NAME = "$(TARGET_NAME)";
				TEST_HOST = "$(BUILT_PRODUCTS_DIR)/helohelo.app/helohelo";
			};
			name = Debug;
		};
		4A78F1581CE6B0F8006B19C5 /* Release */ = {
			isa = XCBuildConfiguration;
			buildSettings = {
				BUNDLE_LOADER = "$(TEST_HOST)";
				INFOPLIST_FILE = heloheloTests/Info.plist;
				LD_RUNPATH_SEARCH_PATHS = "$(inherited) @executable_path/Frameworks @loader_path/Frameworks";
				PRODUCT_BUNDLE_IDENTIFIER = test.heloheloTests;
				PRODUCT_NAME = "$(TARGET_NAME)";
				TEST_HOST = "$(BUILT_PRODUCTS_DIR)/helohelo.app/helohelo";
			};
			name = Release;
		};
		4A78F15A1CE6B0F8006B19C5 /* Debug */ = {
			isa = XCBuildConfiguration;
			buildSettings = {
				INFOPLIST_FILE = heloheloUITests/Info.plist;
				LD_RUNPATH_SEARCH_PATHS = "$(inherited) @executable_path/Frameworks @loader_path/Frameworks";
				PRODUCT_BUNDLE_IDENTIFIER = test.heloheloUITests;
				PRODUCT_NAME = "$(TARGET_NAME)";
				TEST_TARGET_NAME = helohelo;
			};
			name = Debug;
		};
		4A78F15B1CE6B0F8006B19C5 /* Release */ = {
			isa = XCBuildConfiguration;
			buildSettings = {
				INFOPLIST_FILE = heloheloUITests/Info.plist;
				LD_RUNPATH_SEARCH_PATHS = "$(inherited) @executable_path/Frameworks @loader_path/Frameworks";
				PRODUCT_BUNDLE_IDENTIFIER = test.heloheloUITests;
				PRODUCT_NAME = "$(TARGET_NAME)";
				TEST_TARGET_NAME = helohelo;
			};
			name = Release;
		};
/* End XCBuildConfiguration section */

/* Begin XCConfigurationList section */
		4A78F1261CE6B0F8006B19C5 /* Build configuration list for PBXProject "helohelo" */ = {
			isa = XCConfigurationList;
			buildConfigurations = (
				4A78F1511CE6B0F8006B19C5 /* Debug */,
				4A78F1521CE6B0F8006B19C5 /* Release */,
			);
			defaultConfigurationIsVisible = 0;
			defaultConfigurationName = Release;
		};
		4A78F1531CE6B0F8006B19C5 /* Build configuration list for PBXNativeTarget "helohelo" */ = {
			isa = XCConfigurationList;
			buildConfigurations = (
				4A78F1541CE6B0F8006B19C5 /* Debug */,
				4A78F1551CE6B0F8006B19C5 /* Release */,
			);
			defaultConfigurationIsVisible = 0;
		};
		4A78F1561CE6B0F8006B19C5 /* Build configuration list for PBXNativeTarget "heloheloTests" */ = {
			isa = XCConfigurationList;
			buildConfigurations = (
				4A78F1571CE6B0F8006B19C5 /* Debug */,
				4A78F1581CE6B0F8006B19C5 /* Release */,
			);
			defaultConfigurationIsVisible = 0;
		};
		4A78F1591CE6B0F8006B19C5 /* Build configuration list for PBXNativeTarget "heloheloUITests" */ = {
			isa = XCConfigurationList;
			buildConfigurations = (
				4A78F15A1CE6B0F8006B19C5 /* Debug */,
				4A78F15B1CE6B0F8006B19C5 /* Release */,
			);
			defaultConfigurationIsVisible = 0;
		};
/* End XCConfigurationList section */
	};
	rootObject = 4A78F1231CE6B0F8006B19C5 /* Project object */;
}
